// !$*UTF8*$!
{
	archiveVersion = 1;
	classes = {
	};
	objectVersion = 46;
	objects = {

/* Begin PBXBuildFile section */
		462907BF1F4184CE0088E7AD /* main.m in Sources */ = {isa = PBXBuildFile; fileRef = 462907BE1F4184CE0088E7AD /* main.m */; };
		462907C21F4184CE0088E7AD /* AppDelegate.m in Sources */ = {isa = PBXBuildFile; fileRef = 462907C11F4184CE0088E7AD /* AppDelegate.m */; };
		462907C51F4184CE0088E7AD /* ViewController.m in Sources */ = {isa = PBXBuildFile; fileRef = 462907C41F4184CE0088E7AD /* ViewController.m */; };
		462907C81F4184CE0088E7AD /* Main.storyboard in Resources */ = {isa = PBXBuildFile; fileRef = 462907C61F4184CE0088E7AD /* Main.storyboard */; };
		462907CA1F4184CE0088E7AD /* Assets.xcassets in Resources */ = {isa = PBXBuildFile; fileRef = 462907C91F4184CE0088E7AD /* Assets.xcassets */; };
		462907CD1F4184CE0088E7AD /* LaunchScreen.storyboard in Resources */ = {isa = PBXBuildFile; fileRef = 462907CB1F4184CE0088E7AD /* LaunchScreen.storyboard */; };
		462907D81F4184CE0088E7AD /* AudiTests.m in Sources */ = {isa = PBXBuildFile; fileRef = 462907D71F4184CE0088E7AD /* AudiTests.m */; };
		462907E31F4184CE0088E7AD /* AudiUITests.m in Sources */ = {isa = PBXBuildFile; fileRef = 462907E21F4184CE0088E7AD /* AudiUITests.m */; };
		46E315BC1F42BDD300E7E829 /* Interface.storyboard in Resources */ = {isa = PBXBuildFile; fileRef = 46E315BA1F42BDD300E7E829 /* Interface.storyboard */; };
		46E315BE1F42BDD300E7E829 /* Assets.xcassets in Resources */ = {isa = PBXBuildFile; fileRef = 46E315BD1F42BDD300E7E829 /* Assets.xcassets */; };
		46E315C51F42BDD300E7E829 /* AnswerDisplay Extension.appex in Embed App Extensions */ = {isa = PBXBuildFile; fileRef = 46E315C41F42BDD300E7E829 /* AnswerDisplay Extension.appex */; settings = {ATTRIBUTES = (RemoveHeadersOnCopy, ); }; };
		46E315CD1F42BDD300E7E829 /* InterfaceController.m in Sources */ = {isa = PBXBuildFile; fileRef = 46E315CC1F42BDD300E7E829 /* InterfaceController.m */; };
		46E315D01F42BDD300E7E829 /* ExtensionDelegate.m in Sources */ = {isa = PBXBuildFile; fileRef = 46E315CF1F42BDD300E7E829 /* ExtensionDelegate.m */; };
		46E315D31F42BDD300E7E829 /* NotificationController.m in Sources */ = {isa = PBXBuildFile; fileRef = 46E315D21F42BDD300E7E829 /* NotificationController.m */; };
		46E315D51F42BDD300E7E829 /* Assets.xcassets in Resources */ = {isa = PBXBuildFile; fileRef = 46E315D41F42BDD300E7E829 /* Assets.xcassets */; };
		46E315D91F42BDD300E7E829 /* AnswerDisplay.app in Embed Watch Content */ = {isa = PBXBuildFile; fileRef = 46E315B81F42BDD300E7E829 /* AnswerDisplay.app */; };
		46E315E41F43DD2000E7E829 /* TableCell.m in Sources */ = {isa = PBXBuildFile; fileRef = 46E315E31F43DD2000E7E829 /* TableCell.m */; };
		A17571BD21B041268AA48F64 /* libPods-Audi.a in Frameworks */ = {isa = PBXBuildFile; fileRef = 4EE7D6A44A2B8DF231911F7F /* libPods-Audi.a */; };
/* End PBXBuildFile section */

/* Begin PBXContainerItemProxy section */
		462907D41F4184CE0088E7AD /* PBXContainerItemProxy */ = {
			isa = PBXContainerItemProxy;
			containerPortal = 462907B21F4184CE0088E7AD /* Project object */;
			proxyType = 1;
			remoteGlobalIDString = 462907B91F4184CE0088E7AD;
			remoteInfo = Audi;
		};
		462907DF1F4184CE0088E7AD /* PBXContainerItemProxy */ = {
			isa = PBXContainerItemProxy;
			containerPortal = 462907B21F4184CE0088E7AD /* Project object */;
			proxyType = 1;
			remoteGlobalIDString = 462907B91F4184CE0088E7AD;
			remoteInfo = Audi;
		};
		46E315C61F42BDD300E7E829 /* PBXContainerItemProxy */ = {
			isa = PBXContainerItemProxy;
			containerPortal = 462907B21F4184CE0088E7AD /* Project object */;
			proxyType = 1;
			remoteGlobalIDString = 46E315C31F42BDD300E7E829;
			remoteInfo = "AnswerDisplay Extension";
		};
		46E315D71F42BDD300E7E829 /* PBXContainerItemProxy */ = {
			isa = PBXContainerItemProxy;
			containerPortal = 462907B21F4184CE0088E7AD /* Project object */;
			proxyType = 1;
			remoteGlobalIDString = 46E315B71F42BDD300E7E829;
			remoteInfo = AnswerDisplay;
		};
/* End PBXContainerItemProxy section */

/* Begin PBXCopyFilesBuildPhase section */
		46E315DF1F42BDD300E7E829 /* Embed App Extensions */ = {
			isa = PBXCopyFilesBuildPhase;
			buildActionMask = 2147483647;
			dstPath = "";
			dstSubfolderSpec = 13;
			files = (
				46E315C51F42BDD300E7E829 /* AnswerDisplay Extension.appex in Embed App Extensions */,
			);
			name = "Embed App Extensions";
			runOnlyForDeploymentPostprocessing = 0;
		};
		46E315E11F42BDD300E7E829 /* Embed Watch Content */ = {
			isa = PBXCopyFilesBuildPhase;
			buildActionMask = 2147483647;
			dstPath = "$(CONTENTS_FOLDER_PATH)/Watch";
			dstSubfolderSpec = 16;
			files = (
				46E315D91F42BDD300E7E829 /* AnswerDisplay.app in Embed Watch Content */,
			);
			name = "Embed Watch Content";
			runOnlyForDeploymentPostprocessing = 0;
		};
/* End PBXCopyFilesBuildPhase section */

/* Begin PBXFileReference section */
		462907BA1F4184CE0088E7AD /* Audi.app */ = {isa = PBXFileReference; explicitFileType = wrapper.application; includeInIndex = 0; path = Audi.app; sourceTree = BUILT_PRODUCTS_DIR; };
		462907BE1F4184CE0088E7AD /* main.m */ = {isa = PBXFileReference; lastKnownFileType = sourcecode.c.objc; path = main.m; sourceTree = "<group>"; };
		462907C01F4184CE0088E7AD /* AppDelegate.h */ = {isa = PBXFileReference; lastKnownFileType = sourcecode.c.h; path = AppDelegate.h; sourceTree = "<group>"; };
		462907C11F4184CE0088E7AD /* AppDelegate.m */ = {isa = PBXFileReference; lastKnownFileType = sourcecode.c.objc; path = AppDelegate.m; sourceTree = "<group>"; };
		462907C31F4184CE0088E7AD /* ViewController.h */ = {isa = PBXFileReference; lastKnownFileType = sourcecode.c.h; path = ViewController.h; sourceTree = "<group>"; };
		462907C41F4184CE0088E7AD /* ViewController.m */ = {isa = PBXFileReference; lastKnownFileType = sourcecode.c.objc; path = ViewController.m; sourceTree = "<group>"; };
		462907C71F4184CE0088E7AD /* Base */ = {isa = PBXFileReference; lastKnownFileType = file.storyboard; name = Base; path = Base.lproj/Main.storyboard; sourceTree = "<group>"; };
		462907C91F4184CE0088E7AD /* Assets.xcassets */ = {isa = PBXFileReference; lastKnownFileType = folder.assetcatalog; path = Assets.xcassets; sourceTree = "<group>"; };
		462907CC1F4184CE0088E7AD /* Base */ = {isa = PBXFileReference; lastKnownFileType = file.storyboard; name = Base; path = Base.lproj/LaunchScreen.storyboard; sourceTree = "<group>"; };
		462907CE1F4184CE0088E7AD /* Info.plist */ = {isa = PBXFileReference; lastKnownFileType = text.plist.xml; path = Info.plist; sourceTree = "<group>"; };
		462907D31F4184CE0088E7AD /* AudiTests.xctest */ = {isa = PBXFileReference; explicitFileType = wrapper.cfbundle; includeInIndex = 0; path = AudiTests.xctest; sourceTree = BUILT_PRODUCTS_DIR; };
		462907D71F4184CE0088E7AD /* AudiTests.m */ = {isa = PBXFileReference; lastKnownFileType = sourcecode.c.objc; path = AudiTests.m; sourceTree = "<group>"; };
		462907D91F4184CE0088E7AD /* Info.plist */ = {isa = PBXFileReference; lastKnownFileType = text.plist.xml; path = Info.plist; sourceTree = "<group>"; };
		462907DE1F4184CE0088E7AD /* AudiUITests.xctest */ = {isa = PBXFileReference; explicitFileType = wrapper.cfbundle; includeInIndex = 0; path = AudiUITests.xctest; sourceTree = BUILT_PRODUCTS_DIR; };
		462907E21F4184CE0088E7AD /* AudiUITests.m */ = {isa = PBXFileReference; lastKnownFileType = sourcecode.c.objc; path = AudiUITests.m; sourceTree = "<group>"; };
		462907E41F4184CE0088E7AD /* Info.plist */ = {isa = PBXFileReference; lastKnownFileType = text.plist.xml; path = Info.plist; sourceTree = "<group>"; };
		46E315B81F42BDD300E7E829 /* AnswerDisplay.app */ = {isa = PBXFileReference; explicitFileType = wrapper.application; includeInIndex = 0; path = AnswerDisplay.app; sourceTree = BUILT_PRODUCTS_DIR; };
		46E315BB1F42BDD300E7E829 /* Base */ = {isa = PBXFileReference; lastKnownFileType = file.storyboard; name = Base; path = Base.lproj/Interface.storyboard; sourceTree = "<group>"; };
		46E315BD1F42BDD300E7E829 /* Assets.xcassets */ = {isa = PBXFileReference; lastKnownFileType = folder.assetcatalog; path = Assets.xcassets; sourceTree = "<group>"; };
		46E315BF1F42BDD300E7E829 /* Info.plist */ = {isa = PBXFileReference; lastKnownFileType = text.plist.xml; path = Info.plist; sourceTree = "<group>"; };
		46E315C41F42BDD300E7E829 /* AnswerDisplay Extension.appex */ = {isa = PBXFileReference; explicitFileType = "wrapper.app-extension"; includeInIndex = 0; path = "AnswerDisplay Extension.appex"; sourceTree = BUILT_PRODUCTS_DIR; };
		46E315CA1F42BDD300E7E829 /* PushNotificationPayload.apns */ = {isa = PBXFileReference; lastKnownFileType = text; path = PushNotificationPayload.apns; sourceTree = "<group>"; };
		46E315CB1F42BDD300E7E829 /* InterfaceController.h */ = {isa = PBXFileReference; lastKnownFileType = sourcecode.c.h; path = InterfaceController.h; sourceTree = "<group>"; };
		46E315CC1F42BDD300E7E829 /* InterfaceController.m */ = {isa = PBXFileReference; lastKnownFileType = sourcecode.c.objc; path = InterfaceController.m; sourceTree = "<group>"; };
		46E315CE1F42BDD300E7E829 /* ExtensionDelegate.h */ = {isa = PBXFileReference; lastKnownFileType = sourcecode.c.h; path = ExtensionDelegate.h; sourceTree = "<group>"; };
		46E315CF1F42BDD300E7E829 /* ExtensionDelegate.m */ = {isa = PBXFileReference; lastKnownFileType = sourcecode.c.objc; path = ExtensionDelegate.m; sourceTree = "<group>"; };
		46E315D11F42BDD300E7E829 /* NotificationController.h */ = {isa = PBXFileReference; lastKnownFileType = sourcecode.c.h; path = NotificationController.h; sourceTree = "<group>"; };
		46E315D21F42BDD300E7E829 /* NotificationController.m */ = {isa = PBXFileReference; lastKnownFileType = sourcecode.c.objc; path = NotificationController.m; sourceTree = "<group>"; };
		46E315D41F42BDD300E7E829 /* Assets.xcassets */ = {isa = PBXFileReference; lastKnownFileType = folder.assetcatalog; path = Assets.xcassets; sourceTree = "<group>"; };
		46E315D61F42BDD300E7E829 /* Info.plist */ = {isa = PBXFileReference; lastKnownFileType = text.plist.xml; path = Info.plist; sourceTree = "<group>"; };
		46E315E21F43DD2000E7E829 /* TableCell.h */ = {isa = PBXFileReference; fileEncoding = 4; lastKnownFileType = sourcecode.c.h; path = TableCell.h; sourceTree = "<group>"; };
		46E315E31F43DD2000E7E829 /* TableCell.m */ = {isa = PBXFileReference; fileEncoding = 4; lastKnownFileType = sourcecode.c.objc; path = TableCell.m; sourceTree = "<group>"; };
		46F1A13A1F41EDE900297FF3 /* Audi.entitlements */ = {isa = PBXFileReference; lastKnownFileType = text.plist.entitlements; path = Audi.entitlements; sourceTree = "<group>"; };
		4EE7D6A44A2B8DF231911F7F /* libPods-Audi.a */ = {isa = PBXFileReference; explicitFileType = archive.ar; includeInIndex = 0; path = "libPods-Audi.a"; sourceTree = BUILT_PRODUCTS_DIR; };
		B3412D59433550A8BC8CDEE2 /* Pods-Audi.debug.xcconfig */ = {isa = PBXFileReference; includeInIndex = 1; lastKnownFileType = text.xcconfig; name = "Pods-Audi.debug.xcconfig"; path = "Pods/Target Support Files/Pods-Audi/Pods-Audi.debug.xcconfig"; sourceTree = "<group>"; };
		EA1F4AA7A6927E8818D846ED /* Pods-Audi.release.xcconfig */ = {isa = PBXFileReference; includeInIndex = 1; lastKnownFileType = text.xcconfig; name = "Pods-Audi.release.xcconfig"; path = "Pods/Target Support Files/Pods-Audi/Pods-Audi.release.xcconfig"; sourceTree = "<group>"; };
/* End PBXFileReference section */

/* Begin PBXFrameworksBuildPhase section */
		462907B71F4184CE0088E7AD /* Frameworks */ = {
			isa = PBXFrameworksBuildPhase;
			buildActionMask = 2147483647;
			files = (
				A17571BD21B041268AA48F64 /* libPods-Audi.a in Frameworks */,
			);
			runOnlyForDeploymentPostprocessing = 0;
		};
		462907D01F4184CE0088E7AD /* Frameworks */ = {
			isa = PBXFrameworksBuildPhase;
			buildActionMask = 2147483647;
			files = (
			);
			runOnlyForDeploymentPostprocessing = 0;
		};
		462907DB1F4184CE0088E7AD /* Frameworks */ = {
			isa = PBXFrameworksBuildPhase;
			buildActionMask = 2147483647;
			files = (
			);
			runOnlyForDeploymentPostprocessing = 0;
		};
		46E315C11F42BDD300E7E829 /* Frameworks */ = {
			isa = PBXFrameworksBuildPhase;
			buildActionMask = 2147483647;
			files = (
			);
			runOnlyForDeploymentPostprocessing = 0;
		};
/* End PBXFrameworksBuildPhase section */

/* Begin PBXGroup section */
		462907B11F4184CE0088E7AD = {
			isa = PBXGroup;
			children = (
				462907BC1F4184CE0088E7AD /* Audi */,
				462907D61F4184CE0088E7AD /* AudiTests */,
				462907E11F4184CE0088E7AD /* AudiUITests */,
				46E315B91F42BDD300E7E829 /* AnswerDisplay */,
				46E315C81F42BDD300E7E829 /* AnswerDisplay Extension */,
				462907BB1F4184CE0088E7AD /* Products */,
				C7C271A2E21BDD64E37323C9 /* Pods */,
				55D9F876F695AB2A5D06D816 /* Frameworks */,
			);
			sourceTree = "<group>";
		};
		462907BB1F4184CE0088E7AD /* Products */ = {
			isa = PBXGroup;
			children = (
				462907BA1F4184CE0088E7AD /* Audi.app */,
				462907D31F4184CE0088E7AD /* AudiTests.xctest */,
				462907DE1F4184CE0088E7AD /* AudiUITests.xctest */,
				46E315B81F42BDD300E7E829 /* AnswerDisplay.app */,
				46E315C41F42BDD300E7E829 /* AnswerDisplay Extension.appex */,
			);
			name = Products;
			sourceTree = "<group>";
		};
		462907BC1F4184CE0088E7AD /* Audi */ = {
			isa = PBXGroup;
			children = (
				46F1A13A1F41EDE900297FF3 /* Audi.entitlements */,
				462907C01F4184CE0088E7AD /* AppDelegate.h */,
				462907C11F4184CE0088E7AD /* AppDelegate.m */,
				462907C31F4184CE0088E7AD /* ViewController.h */,
				462907C41F4184CE0088E7AD /* ViewController.m */,
				462907C61F4184CE0088E7AD /* Main.storyboard */,
				462907C91F4184CE0088E7AD /* Assets.xcassets */,
				462907CB1F4184CE0088E7AD /* LaunchScreen.storyboard */,
				462907CE1F4184CE0088E7AD /* Info.plist */,
				462907BD1F4184CE0088E7AD /* Supporting Files */,
			);
			path = Audi;
			sourceTree = "<group>";
		};
		462907BD1F4184CE0088E7AD /* Supporting Files */ = {
			isa = PBXGroup;
			children = (
				462907BE1F4184CE0088E7AD /* main.m */,
			);
			name = "Supporting Files";
			sourceTree = "<group>";
		};
		462907D61F4184CE0088E7AD /* AudiTests */ = {
			isa = PBXGroup;
			children = (
				462907D71F4184CE0088E7AD /* AudiTests.m */,
				462907D91F4184CE0088E7AD /* Info.plist */,
			);
			path = AudiTests;
			sourceTree = "<group>";
		};
		462907E11F4184CE0088E7AD /* AudiUITests */ = {
			isa = PBXGroup;
			children = (
				462907E21F4184CE0088E7AD /* AudiUITests.m */,
				462907E41F4184CE0088E7AD /* Info.plist */,
			);
			path = AudiUITests;
			sourceTree = "<group>";
		};
		46E315B91F42BDD300E7E829 /* AnswerDisplay */ = {
			isa = PBXGroup;
			children = (
				46E315BA1F42BDD300E7E829 /* Interface.storyboard */,
				46E315BD1F42BDD300E7E829 /* Assets.xcassets */,
				46E315BF1F42BDD300E7E829 /* Info.plist */,
			);
			path = AnswerDisplay;
			sourceTree = "<group>";
		};
		46E315C81F42BDD300E7E829 /* AnswerDisplay Extension */ = {
			isa = PBXGroup;
			children = (
				46E315E21F43DD2000E7E829 /* TableCell.h */,
				46E315E31F43DD2000E7E829 /* TableCell.m */,
				46E315CB1F42BDD300E7E829 /* InterfaceController.h */,
				46E315CC1F42BDD300E7E829 /* InterfaceController.m */,
				46E315CE1F42BDD300E7E829 /* ExtensionDelegate.h */,
				46E315CF1F42BDD300E7E829 /* ExtensionDelegate.m */,
				46E315D11F42BDD300E7E829 /* NotificationController.h */,
				46E315D21F42BDD300E7E829 /* NotificationController.m */,
				46E315D41F42BDD300E7E829 /* Assets.xcassets */,
				46E315D61F42BDD300E7E829 /* Info.plist */,
				46E315C91F42BDD300E7E829 /* Supporting Files */,
			);
			path = "AnswerDisplay Extension";
			sourceTree = "<group>";
		};
		46E315C91F42BDD300E7E829 /* Supporting Files */ = {
			isa = PBXGroup;
			children = (
				46E315CA1F42BDD300E7E829 /* PushNotificationPayload.apns */,
			);
			name = "Supporting Files";
			sourceTree = "<group>";
		};
		55D9F876F695AB2A5D06D816 /* Frameworks */ = {
			isa = PBXGroup;
			children = (
				4EE7D6A44A2B8DF231911F7F /* libPods-Audi.a */,
			);
			name = Frameworks;
			sourceTree = "<group>";
		};
		C7C271A2E21BDD64E37323C9 /* Pods */ = {
			isa = PBXGroup;
			children = (
				B3412D59433550A8BC8CDEE2 /* Pods-Audi.debug.xcconfig */,
				EA1F4AA7A6927E8818D846ED /* Pods-Audi.release.xcconfig */,
			);
			name = Pods;
			sourceTree = "<group>";
		};
/* End PBXGroup section */

/* Begin PBXNativeTarget section */
		462907B91F4184CE0088E7AD /* Audi */ = {
			isa = PBXNativeTarget;
			buildConfigurationList = 462907E71F4184CE0088E7AD /* Build configuration list for PBXNativeTarget "Audi" */;
			buildPhases = (
				1A63DCFB30D6E2163B1CE3B0 /* [CP] Check Pods Manifest.lock */,
				462907B61F4184CE0088E7AD /* Sources */,
				462907B71F4184CE0088E7AD /* Frameworks */,
				462907B81F4184CE0088E7AD /* Resources */,
				A67EB6250D07024F176D16A7 /* [CP] Embed Pods Frameworks */,
				780CFAB3CD54AA0743DE93E2 /* [CP] Copy Pods Resources */,
				46E315E11F42BDD300E7E829 /* Embed Watch Content */,
			);
			buildRules = (
			);
			dependencies = (
				46E315D81F42BDD300E7E829 /* PBXTargetDependency */,
			);
			name = Audi;
			productName = Audi;
			productReference = 462907BA1F4184CE0088E7AD /* Audi.app */;
			productType = "com.apple.product-type.application";
		};
		462907D21F4184CE0088E7AD /* AudiTests */ = {
			isa = PBXNativeTarget;
			buildConfigurationList = 462907EA1F4184CE0088E7AD /* Build configuration list for PBXNativeTarget "AudiTests" */;
			buildPhases = (
				462907CF1F4184CE0088E7AD /* Sources */,
				462907D01F4184CE0088E7AD /* Frameworks */,
				462907D11F4184CE0088E7AD /* Resources */,
			);
			buildRules = (
			);
			dependencies = (
				462907D51F4184CE0088E7AD /* PBXTargetDependency */,
			);
			name = AudiTests;
			productName = AudiTests;
			productReference = 462907D31F4184CE0088E7AD /* AudiTests.xctest */;
			productType = "com.apple.product-type.bundle.unit-test";
		};
		462907DD1F4184CE0088E7AD /* AudiUITests */ = {
			isa = PBXNativeTarget;
			buildConfigurationList = 462907ED1F4184CE0088E7AD /* Build configuration list for PBXNativeTarget "AudiUITests" */;
			buildPhases = (
				462907DA1F4184CE0088E7AD /* Sources */,
				462907DB1F4184CE0088E7AD /* Frameworks */,
				462907DC1F4184CE0088E7AD /* Resources */,
			);
			buildRules = (
			);
			dependencies = (
				462907E01F4184CE0088E7AD /* PBXTargetDependency */,
			);
			name = AudiUITests;
			productName = AudiUITests;
			productReference = 462907DE1F4184CE0088E7AD /* AudiUITests.xctest */;
			productType = "com.apple.product-type.bundle.ui-testing";
		};
		46E315B71F42BDD300E7E829 /* AnswerDisplay */ = {
			isa = PBXNativeTarget;
			buildConfigurationList = 46E315E01F42BDD300E7E829 /* Build configuration list for PBXNativeTarget "AnswerDisplay" */;
			buildPhases = (
				46E315B61F42BDD300E7E829 /* Resources */,
				46E315DF1F42BDD300E7E829 /* Embed App Extensions */,
			);
			buildRules = (
			);
			dependencies = (
				46E315C71F42BDD300E7E829 /* PBXTargetDependency */,
			);
			name = AnswerDisplay;
			productName = AnswerDisplay;
			productReference = 46E315B81F42BDD300E7E829 /* AnswerDisplay.app */;
			productType = "com.apple.product-type.application.watchapp2";
		};
		46E315C31F42BDD300E7E829 /* AnswerDisplay Extension */ = {
			isa = PBXNativeTarget;
			buildConfigurationList = 46E315DE1F42BDD300E7E829 /* Build configuration list for PBXNativeTarget "AnswerDisplay Extension" */;
			buildPhases = (
				46E315C01F42BDD300E7E829 /* Sources */,
				46E315C11F42BDD300E7E829 /* Frameworks */,
				46E315C21F42BDD300E7E829 /* Resources */,
			);
			buildRules = (
			);
			dependencies = (
			);
			name = "AnswerDisplay Extension";
			productName = "AnswerDisplay Extension";
			productReference = 46E315C41F42BDD300E7E829 /* AnswerDisplay Extension.appex */;
			productType = "com.apple.product-type.watchkit2-extension";
		};
/* End PBXNativeTarget section */

/* Begin PBXProject section */
		462907B21F4184CE0088E7AD /* Project object */ = {
			isa = PBXProject;
			attributes = {
				LastUpgradeCheck = 0830;
				ORGANIZATIONNAME = Larry;
				TargetAttributes = {
					462907B91F4184CE0088E7AD = {
						CreatedOnToolsVersion = 8.3.2;
						DevelopmentTeam = NS9E2DSK82;
						ProvisioningStyle = Manual;
						SystemCapabilities = {
							com.apple.Push = {
								enabled = 1;
							};
						};
					};
					462907D21F4184CE0088E7AD = {
						CreatedOnToolsVersion = 8.3.2;
						ProvisioningStyle = Automatic;
						TestTargetID = 462907B91F4184CE0088E7AD;
					};
					462907DD1F4184CE0088E7AD = {
						CreatedOnToolsVersion = 8.3.2;
						ProvisioningStyle = Automatic;
						TestTargetID = 462907B91F4184CE0088E7AD;
					};
					46E315B71F42BDD300E7E829 = {
						CreatedOnToolsVersion = 8.3.2;
						DevelopmentTeam = NS9E2DSK82;
						ProvisioningStyle = Automatic;
					};
					46E315C31F42BDD300E7E829 = {
						CreatedOnToolsVersion = 8.3.2;
						DevelopmentTeam = NS9E2DSK82;
						ProvisioningStyle = Automatic;
					};
				};
			};
			buildConfigurationList = 462907B51F4184CE0088E7AD /* Build configuration list for PBXProject "Audi" */;
			compatibilityVersion = "Xcode 3.2";
			developmentRegion = English;
			hasScannedForEncodings = 0;
			knownRegions = (
				en,
				Base,
			);
			mainGroup = 462907B11F4184CE0088E7AD;
			productRefGroup = 462907BB1F4184CE0088E7AD /* Products */;
			projectDirPath = "";
			projectRoot = "";
			targets = (
				462907B91F4184CE0088E7AD /* Audi */,
				462907D21F4184CE0088E7AD /* AudiTests */,
				462907DD1F4184CE0088E7AD /* AudiUITests */,
				46E315B71F42BDD300E7E829 /* AnswerDisplay */,
				46E315C31F42BDD300E7E829 /* AnswerDisplay Extension */,
			);
		};
/* End PBXProject section */

/* Begin PBXResourcesBuildPhase section */
		462907B81F4184CE0088E7AD /* Resources */ = {
			isa = PBXResourcesBuildPhase;
			buildActionMask = 2147483647;
			files = (
				462907CD1F4184CE0088E7AD /* LaunchScreen.storyboard in Resources */,
				462907CA1F4184CE0088E7AD /* Assets.xcassets in Resources */,
				462907C81F4184CE0088E7AD /* Main.storyboard in Resources */,
			);
			runOnlyForDeploymentPostprocessing = 0;
		};
		462907D11F4184CE0088E7AD /* Resources */ = {
			isa = PBXResourcesBuildPhase;
			buildActionMask = 2147483647;
			files = (
			);
			runOnlyForDeploymentPostprocessing = 0;
		};
		462907DC1F4184CE0088E7AD /* Resources */ = {
			isa = PBXResourcesBuildPhase;
			buildActionMask = 2147483647;
			files = (
			);
			runOnlyForDeploymentPostprocessing = 0;
		};
		46E315B61F42BDD300E7E829 /* Resources */ = {
			isa = PBXResourcesBuildPhase;
			buildActionMask = 2147483647;
			files = (
				46E315BE1F42BDD300E7E829 /* Assets.xcassets in Resources */,
				46E315BC1F42BDD300E7E829 /* Interface.storyboard in Resources */,
			);
			runOnlyForDeploymentPostprocessing = 0;
		};
		46E315C21F42BDD300E7E829 /* Resources */ = {
			isa = PBXResourcesBuildPhase;
			buildActionMask = 2147483647;
			files = (
				46E315D51F42BDD300E7E829 /* Assets.xcassets in Resources */,
			);
			runOnlyForDeploymentPostprocessing = 0;
		};
/* End PBXResourcesBuildPhase section */

/* Begin PBXShellScriptBuildPhase section */
		1A63DCFB30D6E2163B1CE3B0 /* [CP] Check Pods Manifest.lock */ = {
			isa = PBXShellScriptBuildPhase;
			buildActionMask = 2147483647;
			files = (
			);
			inputPaths = (
				"${PODS_PODFILE_DIR_PATH}/Podfile.lock",
				"${PODS_ROOT}/Manifest.lock",
			);
			name = "[CP] Check Pods Manifest.lock";
			outputPaths = (
				"$(DERIVED_FILE_DIR)/Pods-Audi-checkManifestLockResult.txt",
			);
			runOnlyForDeploymentPostprocessing = 0;
			shellPath = /bin/sh;
			shellScript = "diff \"${PODS_PODFILE_DIR_PATH}/Podfile.lock\" \"${PODS_ROOT}/Manifest.lock\" > /dev/null\nif [ $? != 0 ] ; then\n    # print error to STDERR\n    echo \"error: The sandbox is not in sync with the Podfile.lock. Run 'pod install' or update your CocoaPods installation.\" >&2\n    exit 1\nfi\n# This output is used by Xcode 'outputs' to avoid re-running this script phase.\necho \"SUCCESS\" > \"${SCRIPT_OUTPUT_FILE_0}\"\n";
			showEnvVarsInLog = 0;
		};
		780CFAB3CD54AA0743DE93E2 /* [CP] Copy Pods Resources */ = {
			isa = PBXShellScriptBuildPhase;
			buildActionMask = 2147483647;
			files = (
			);
			inputPaths = (
			);
			name = "[CP] Copy Pods Resources";
			outputPaths = (
			);
			runOnlyForDeploymentPostprocessing = 0;
			shellPath = /bin/sh;
			shellScript = "\"${SRCROOT}/Pods/Target Support Files/Pods-Audi/Pods-Audi-resources.sh\"\n";
			showEnvVarsInLog = 0;
		};
		A67EB6250D07024F176D16A7 /* [CP] Embed Pods Frameworks */ = {
			isa = PBXShellScriptBuildPhase;
			buildActionMask = 2147483647;
			files = (
			);
			inputPaths = (
			);
			name = "[CP] Embed Pods Frameworks";
			outputPaths = (
			);
			runOnlyForDeploymentPostprocessing = 0;
			shellPath = /bin/sh;
			shellScript = "\"${SRCROOT}/Pods/Target Support Files/Pods-Audi/Pods-Audi-frameworks.sh\"\n";
			showEnvVarsInLog = 0;
		};
/* End PBXShellScriptBuildPhase section */

/* Begin PBXSourcesBuildPhase section */
		462907B61F4184CE0088E7AD /* Sources */ = {
			isa = PBXSourcesBuildPhase;
			buildActionMask = 2147483647;
			files = (
				462907C51F4184CE0088E7AD /* ViewController.m in Sources */,
				462907C21F4184CE0088E7AD /* AppDelegate.m in Sources */,
				462907BF1F4184CE0088E7AD /* main.m in Sources */,
			);
			runOnlyForDeploymentPostprocessing = 0;
		};
		462907CF1F4184CE0088E7AD /* Sources */ = {
			isa = PBXSourcesBuildPhase;
			buildActionMask = 2147483647;
			files = (
				462907D81F4184CE0088E7AD /* AudiTests.m in Sources */,
			);
			runOnlyForDeploymentPostprocessing = 0;
		};
		462907DA1F4184CE0088E7AD /* Sources */ = {
			isa = PBXSourcesBuildPhase;
			buildActionMask = 2147483647;
			files = (
				462907E31F4184CE0088E7AD /* AudiUITests.m in Sources */,
			);
			runOnlyForDeploymentPostprocessing = 0;
		};
		46E315C01F42BDD300E7E829 /* Sources */ = {
			isa = PBXSourcesBuildPhase;
			buildActionMask = 2147483647;
			files = (
				46E315D01F42BDD300E7E829 /* ExtensionDelegate.m in Sources */,
				46E315CD1F42BDD300E7E829 /* InterfaceController.m in Sources */,
				46E315E41F43DD2000E7E829 /* TableCell.m in Sources */,
				46E315D31F42BDD300E7E829 /* NotificationController.m in Sources */,
			);
			runOnlyForDeploymentPostprocessing = 0;
		};
/* End PBXSourcesBuildPhase section */

/* Begin PBXTargetDependency section */
		462907D51F4184CE0088E7AD /* PBXTargetDependency */ = {
			isa = PBXTargetDependency;
			target = 462907B91F4184CE0088E7AD /* Audi */;
			targetProxy = 462907D41F4184CE0088E7AD /* PBXContainerItemProxy */;
		};
		462907E01F4184CE0088E7AD /* PBXTargetDependency */ = {
			isa = PBXTargetDependency;
			target = 462907B91F4184CE0088E7AD /* Audi */;
			targetProxy = 462907DF1F4184CE0088E7AD /* PBXContainerItemProxy */;
		};
		46E315C71F42BDD300E7E829 /* PBXTargetDependency */ = {
			isa = PBXTargetDependency;
			target = 46E315C31F42BDD300E7E829 /* AnswerDisplay Extension */;
			targetProxy = 46E315C61F42BDD300E7E829 /* PBXContainerItemProxy */;
		};
		46E315D81F42BDD300E7E829 /* PBXTargetDependency */ = {
			isa = PBXTargetDependency;
			target = 46E315B71F42BDD300E7E829 /* AnswerDisplay */;
			targetProxy = 46E315D71F42BDD300E7E829 /* PBXContainerItemProxy */;
		};
/* End PBXTargetDependency section */

/* Begin PBXVariantGroup section */
		462907C61F4184CE0088E7AD /* Main.storyboard */ = {
			isa = PBXVariantGroup;
			children = (
				462907C71F4184CE0088E7AD /* Base */,
			);
			name = Main.storyboard;
			sourceTree = "<group>";
		};
		462907CB1F4184CE0088E7AD /* LaunchScreen.storyboard */ = {
			isa = PBXVariantGroup;
			children = (
				462907CC1F4184CE0088E7AD /* Base */,
			);
			name = LaunchScreen.storyboard;
			sourceTree = "<group>";
		};
		46E315BA1F42BDD300E7E829 /* Interface.storyboard */ = {
			isa = PBXVariantGroup;
			children = (
				46E315BB1F42BDD300E7E829 /* Base */,
			);
			name = Interface.storyboard;
			sourceTree = "<group>";
		};
/* End PBXVariantGroup section */

/* Begin XCBuildConfiguration section */
		462907E51F4184CE0088E7AD /* Debug */ = {
			isa = XCBuildConfiguration;
			buildSettings = {
				ALWAYS_SEARCH_USER_PATHS = NO;
				CLANG_ANALYZER_NONNULL = YES;
				CLANG_ANALYZER_NUMBER_OBJECT_CONVERSION = YES_AGGRESSIVE;
				CLANG_CXX_LANGUAGE_STANDARD = "gnu++0x";
				CLANG_CXX_LIBRARY = "libc++";
				CLANG_ENABLE_MODULES = YES;
				CLANG_ENABLE_OBJC_ARC = YES;
				CLANG_WARN_BOOL_CONVERSION = YES;
				CLANG_WARN_CONSTANT_CONVERSION = YES;
				CLANG_WARN_DIRECT_OBJC_ISA_USAGE = YES_ERROR;
				CLANG_WARN_DOCUMENTATION_COMMENTS = YES;
				CLANG_WARN_EMPTY_BODY = YES;
				CLANG_WARN_ENUM_CONVERSION = YES;
				CLANG_WARN_INFINITE_RECURSION = YES;
				CLANG_WARN_INT_CONVERSION = YES;
				CLANG_WARN_OBJC_ROOT_CLASS = YES_ERROR;
				CLANG_WARN_SUSPICIOUS_MOVE = YES;
				CLANG_WARN_UNREACHABLE_CODE = YES;
				CLANG_WARN__DUPLICATE_METHOD_MATCH = YES;
				"CODE_SIGN_IDENTITY[sdk=iphoneos*]" = "iPhone Developer";
				COPY_PHASE_STRIP = NO;
				DEBUG_INFORMATION_FORMAT = dwarf;
				ENABLE_STRICT_OBJC_MSGSEND = YES;
				ENABLE_TESTABILITY = YES;
				GCC_C_LANGUAGE_STANDARD = gnu99;
				GCC_DYNAMIC_NO_PIC = NO;
				GCC_NO_COMMON_BLOCKS = YES;
				GCC_OPTIMIZATION_LEVEL = 0;
				GCC_PREPROCESSOR_DEFINITIONS = (
					"DEBUG=1",
					"$(inherited)",
				);
				GCC_WARN_64_TO_32_BIT_CONVERSION = YES;
				GCC_WARN_ABOUT_RETURN_TYPE = YES_ERROR;
				GCC_WARN_UNDECLARED_SELECTOR = YES;
				GCC_WARN_UNINITIALIZED_AUTOS = YES_AGGRESSIVE;
				GCC_WARN_UNUSED_FUNCTION = YES;
				GCC_WARN_UNUSED_VARIABLE = YES;
				IPHONEOS_DEPLOYMENT_TARGET = 10.3;
				MTL_ENABLE_DEBUG_INFO = YES;
				ONLY_ACTIVE_ARCH = YES;
				SDKROOT = iphoneos;
			};
			name = Debug;
		};
		462907E61F4184CE0088E7AD /* Release */ = {
			isa = XCBuildConfiguration;
			buildSettings = {
				ALWAYS_SEARCH_USER_PATHS = NO;
				CLANG_ANALYZER_NONNULL = YES;
				CLANG_ANALYZER_NUMBER_OBJECT_CONVERSION = YES_AGGRESSIVE;
				CLANG_CXX_LANGUAGE_STANDARD = "gnu++0x";
				CLANG_CXX_LIBRARY = "libc++";
				CLANG_ENABLE_MODULES = YES;
				CLANG_ENABLE_OBJC_ARC = YES;
				CLANG_WARN_BOOL_CONVERSION = YES;
				CLANG_WARN_CONSTANT_CONVERSION = YES;
				CLANG_WARN_DIRECT_OBJC_ISA_USAGE = YES_ERROR;
				CLANG_WARN_DOCUMENTATION_COMMENTS = YES;
				CLANG_WARN_EMPTY_BODY = YES;
				CLANG_WARN_ENUM_CONVERSION = YES;
				CLANG_WARN_INFINITE_RECURSION = YES;
				CLANG_WARN_INT_CONVERSION = YES;
				CLANG_WARN_OBJC_ROOT_CLASS = YES_ERROR;
				CLANG_WARN_SUSPICIOUS_MOVE = YES;
				CLANG_WARN_UNREACHABLE_CODE = YES;
				CLANG_WARN__DUPLICATE_METHOD_MATCH = YES;
				"CODE_SIGN_IDENTITY[sdk=iphoneos*]" = "iPhone Developer";
				COPY_PHASE_STRIP = NO;
				DEBUG_INFORMATION_FORMAT = "dwarf-with-dsym";
				ENABLE_NS_ASSERTIONS = NO;
				ENABLE_STRICT_OBJC_MSGSEND = YES;
				GCC_C_LANGUAGE_STANDARD = gnu99;
				GCC_NO_COMMON_BLOCKS = YES;
				GCC_WARN_64_TO_32_BIT_CONVERSION = YES;
				GCC_WARN_ABOUT_RETURN_TYPE = YES_ERROR;
				GCC_WARN_UNDECLARED_SELECTOR = YES;
				GCC_WARN_UNINITIALIZED_AUTOS = YES_AGGRESSIVE;
				GCC_WARN_UNUSED_FUNCTION = YES;
				GCC_WARN_UNUSED_VARIABLE = YES;
				IPHONEOS_DEPLOYMENT_TARGET = 10.3;
				MTL_ENABLE_DEBUG_INFO = NO;
				SDKROOT = iphoneos;
				VALIDATE_PRODUCT = YES;
			};
			name = Release;
		};
		462907E81F4184CE0088E7AD /* Debug */ = {
			isa = XCBuildConfiguration;
			baseConfigurationReference = B3412D59433550A8BC8CDEE2 /* Pods-Audi.debug.xcconfig */;
			buildSettings = {
				ASSETCATALOG_COMPILER_APPICON_NAME = AppIcon;
				CODE_SIGN_ENTITLEMENTS = Audi/Audi.entitlements;
				DEVELOPMENT_TEAM = NS9E2DSK82;
				INFOPLIST_FILE = Audi/Info.plist;
				LD_RUNPATH_SEARCH_PATHS = "$(inherited) @executable_path/Frameworks";
				PRODUCT_BUNDLE_IDENTIFIER = com.fbi.Audi;
				PRODUCT_NAME = "$(TARGET_NAME)";
				PROVISIONING_PROFILE = "ce739a3a-0a45-4592-9f58-745ff3ce6cdc";
				PROVISIONING_PROFILE_SPECIFIER = Audi_ProvProfiles_Dev;
			};
			name = Debug;
		};
		462907E91F4184CE0088E7AD /* Release */ = {
			isa = XCBuildConfiguration;
			baseConfigurationReference = EA1F4AA7A6927E8818D846ED /* Pods-Audi.release.xcconfig */;
			buildSettings = {
				ASSETCATALOG_COMPILER_APPICON_NAME = AppIcon;
				CODE_SIGN_ENTITLEMENTS = Audi/Audi.entitlements;
				DEVELOPMENT_TEAM = "";
				INFOPLIST_FILE = Audi/Info.plist;
				LD_RUNPATH_SEARCH_PATHS = "$(inherited) @executable_path/Frameworks";
				PRODUCT_BUNDLE_IDENTIFIER = com.fbi.Audi;
				PRODUCT_NAME = "$(TARGET_NAME)";
				PROVISIONING_PROFILE_SPECIFIER = "";
			};
			name = Release;
		};
		462907EB1F4184CE0088E7AD /* Debug */ = {
			isa = XCBuildConfiguration;
			buildSettings = {
				BUNDLE_LOADER = "$(TEST_HOST)";
				INFOPLIST_FILE = AudiTests/Info.plist;
				LD_RUNPATH_SEARCH_PATHS = "$(inherited) @executable_path/Frameworks @loader_path/Frameworks";
				PRODUCT_BUNDLE_IDENTIFIER = FBI.AudiTests;
				PRODUCT_NAME = "$(TARGET_NAME)";
				TEST_HOST = "$(BUILT_PRODUCTS_DIR)/Audi.app/Audi";
			};
			name = Debug;
		};
		462907EC1F4184CE0088E7AD /* Release */ = {
			isa = XCBuildConfiguration;
			buildSettings = {
				BUNDLE_LOADER = "$(TEST_HOST)";
				INFOPLIST_FILE = AudiTests/Info.plist;
				LD_RUNPATH_SEARCH_PATHS = "$(inherited) @executable_path/Frameworks @loader_path/Frameworks";
				PRODUCT_BUNDLE_IDENTIFIER = FBI.AudiTests;
				PRODUCT_NAME = "$(TARGET_NAME)";
				TEST_HOST = "$(BUILT_PRODUCTS_DIR)/Audi.app/Audi";
			};
			name = Release;
		};
		462907EE1F4184CE0088E7AD /* Debug */ = {
			isa = XCBuildConfiguration;
			buildSettings = {
				INFOPLIST_FILE = AudiUITests/Info.plist;
				LD_RUNPATH_SEARCH_PATHS = "$(inherited) @executable_path/Frameworks @loader_path/Frameworks";
				PRODUCT_BUNDLE_IDENTIFIER = FBI.AudiUITests;
				PRODUCT_NAME = "$(TARGET_NAME)";
				TEST_TARGET_NAME = Audi;
			};
			name = Debug;
		};
		462907EF1F4184CE0088E7AD /* Release */ = {
			isa = XCBuildConfiguration;
			buildSettings = {
				INFOPLIST_FILE = AudiUITests/Info.plist;
				LD_RUNPATH_SEARCH_PATHS = "$(inherited) @executable_path/Frameworks @loader_path/Frameworks";
				PRODUCT_BUNDLE_IDENTIFIER = FBI.AudiUITests;
				PRODUCT_NAME = "$(TARGET_NAME)";
				TEST_TARGET_NAME = Audi;
			};
			name = Release;
		};
		46E315DA1F42BDD300E7E829 /* Debug */ = {
			isa = XCBuildConfiguration;
			buildSettings = {
				ASSETCATALOG_COMPILER_APPICON_NAME = AppIcon;
				DEVELOPMENT_TEAM = NS9E2DSK82;
				IBSC_MODULE = AnswerDisplay_Extension;
				INFOPLIST_FILE = AnswerDisplay/Info.plist;
				PRODUCT_BUNDLE_IDENTIFIER = com.fbi.Audi.watchkitapp;
				PRODUCT_NAME = "$(TARGET_NAME)";
				SDKROOT = watchos;
				SKIP_INSTALL = YES;
				TARGETED_DEVICE_FAMILY = 4;
				WATCHOS_DEPLOYMENT_TARGET = 3.2;
			};
			name = Debug;
		};
		46E315DB1F42BDD300E7E829 /* Release */ = {
			isa = XCBuildConfiguration;
			buildSettings = {
				ASSETCATALOG_COMPILER_APPICON_NAME = AppIcon;
				DEVELOPMENT_TEAM = "";
				IBSC_MODULE = AnswerDisplay_Extension;
				INFOPLIST_FILE = AnswerDisplay/Info.plist;
				PRODUCT_BUNDLE_IDENTIFIER = com.fbi.Audi.watchkitapp;
				PRODUCT_NAME = "$(TARGET_NAME)";
				SDKROOT = watchos;
				SKIP_INSTALL = YES;
				TARGETED_DEVICE_FAMILY = 4;
				WATCHOS_DEPLOYMENT_TARGET = 3.2;
			};
			name = Release;
		};
		46E315DC1F42BDD300E7E829 /* Debug */ = {
			isa = XCBuildConfiguration;
			buildSettings = {
				ASSETCATALOG_COMPILER_COMPLICATION_NAME = Complication;
				"CODE_SIGN_IDENTITY[sdk=watchos*]" = "iPhone Developer";
				DEVELOPMENT_TEAM = NS9E2DSK82;
				INFOPLIST_FILE = "AnswerDisplay Extension/Info.plist";
				LD_RUNPATH_SEARCH_PATHS = "$(inherited) @executable_path/Frameworks @executable_path/../../Frameworks";
				PRODUCT_BUNDLE_IDENTIFIER = com.fbi.Audi.watchkitapp.watchkitextension;
				PRODUCT_NAME = "${TARGET_NAME}";
				PROVISIONING_PROFILE_SPECIFIER = "";
				SDKROOT = watchos;
				SKIP_INSTALL = YES;
				TARGETED_DEVICE_FAMILY = 4;
				WATCHOS_DEPLOYMENT_TARGET = 3.2;
			};
			name = Debug;
		};
		46E315DD1F42BDD300E7E829 /* Release */ = {
			isa = XCBuildConfiguration;
			buildSettings = {
				ASSETCATALOG_COMPILER_COMPLICATION_NAME = Complication;
				"CODE_SIGN_IDENTITY[sdk=watchos*]" = "iPhone Developer";
				DEVELOPMENT_TEAM = NS9E2DSK82;
				INFOPLIST_FILE = "AnswerDisplay Extension/Info.plist";
				LD_RUNPATH_SEARCH_PATHS = "$(inherited) @executable_path/Frameworks @executable_path/../../Frameworks";
				PRODUCT_BUNDLE_IDENTIFIER = com.fbi.Audi.watchkitapp.watchkitextension;
				PRODUCT_NAME = "${TARGET_NAME}";
				PROVISIONING_PROFILE_SPECIFIER = "";
				SDKROOT = watchos;
				SKIP_INSTALL = YES;
				TARGETED_DEVICE_FAMILY = 4;
				WATCHOS_DEPLOYMENT_TARGET = 3.2;
			};
			name = Release;
		};
/* End XCBuildConfiguration section */

/* Begin XCConfigurationList section */
		462907B51F4184CE0088E7AD /* Build configuration list for PBXProject "Audi" */ = {
			isa = XCConfigurationList;
			buildConfigurations = (
				462907E51F4184CE0088E7AD /* Debug */,
				462907E61F4184CE0088E7AD /* Release */,
			);
			defaultConfigurationIsVisible = 0;
			defaultConfigurationName = Release;
		};
		462907E71F4184CE0088E7AD /* Build configuration list for PBXNativeTarget "Audi" */ = {
			isa = XCConfigurationList;
			buildConfigurations = (
				462907E81F4184CE0088E7AD /* Debug */,
				462907E91F4184CE0088E7AD /* Release */,
			);
			defaultConfigurationIsVisible = 0;
			defaultConfigurationName = Release;
		};
		462907EA1F4184CE0088E7AD /* Build configuration list for PBXNativeTarget "AudiTests" */ = {
			isa = XCConfigurationList;
			buildConfigurations = (
				462907EB1F4184CE0088E7AD /* Debug */,
				462907EC1F4184CE0088E7AD /* Release */,
			);
			defaultConfigurationIsVisible = 0;
			defaultConfigurationName = Release;
		};
		462907ED1F4184CE0088E7AD /* Build configuration list for PBXNativeTarget "AudiUITests" */ = {
			isa = XCConfigurationList;
			buildConfigurations = (
				462907EE1F4184CE0088E7AD /* Debug */,
				462907EF1F4184CE0088E7AD /* Release */,
			);
			defaultConfigurationIsVisible = 0;
			defaultConfigurationName = Release;
		};
		46E315DE1F42BDD300E7E829 /* Build configuration list for PBXNativeTarget "AnswerDisplay Extension" */ = {
			isa = XCConfigurationList;
			buildConfigurations = (
				46E315DC1F42BDD300E7E829 /* Debug */,
				46E315DD1F42BDD300E7E829 /* Release */,
			);
			defaultConfigurationIsVisible = 0;
		};
		46E315E01F42BDD300E7E829 /* Build configuration list for PBXNativeTarget "AnswerDisplay" */ = {
			isa = XCConfigurationList;
			buildConfigurations = (
				46E315DA1F42BDD300E7E829 /* Debug */,
				46E315DB1F42BDD300E7E829 /* Release */,
			);
			defaultConfigurationIsVisible = 0;
		};
/* End XCConfigurationList section */
	};
	rootObject = 462907B21F4184CE0088E7AD /* Project object */;
}
